
Microsoft Visual Studio Solution File, Format Version 12.00
# Visual Studio 14
VisualStudioVersion = 14.0.25420.1
MinimumVisualStudioVersion = 10.0.40219.1
Project("{2150E333-8FDC-42A3-9474-1A3956D46DE8}") = "src", "src", "{A43795C8-1E6F-4C07-81CE-092FCAC0FB5A}"
EndProject
Project("{2150E333-8FDC-42A3-9474-1A3956D46DE8}") = "Solution Items", "Solution Items", "{509FF828-E75B-47D9-8426-D6FCE5280CC2}"
	ProjectSection(SolutionItems) = preProject
		global.json = global.json
	EndProjectSection
EndProject
Project("{2150E333-8FDC-42A3-9474-1A3956D46DE8}") = "Business", "Business", "{16CCC837-2B11-48B6-8C9B-8F1DBD6B8617}"
EndProject
Project("{2150E333-8FDC-42A3-9474-1A3956D46DE8}") = "Common", "Common", "{16EC3A31-01D8-482A-B7C6-A03F918FA74E}"
EndProject
Project("{FAE04EC0-301F-11D3-BF4B-00C04F79EFBC}") = "Core", "Core\Core.csproj", "{111F7308-10D2-4377-9375-63C10C79576B}"
EndProject
Project("{FAE04EC0-301F-11D3-BF4B-00C04F79EFBC}") = "Contracts", "Contracts\Contracts.csproj", "{F47A8470-7C03-4D10-90C6-A83A3CC797B0}"
EndProject
Project("{FAE04EC0-301F-11D3-BF4B-00C04F79EFBC}") = "Entities", "Entities\Entities.csproj", "{606F77EF-D8F6-4DB5-88CA-CC593E6D0D24}"
EndProject
Project("{FAE04EC0-301F-11D3-BF4B-00C04F79EFBC}") = "Proxies", "Proxies\Proxies.csproj", "{1F823724-8811-4789-9528-430270760E3E}"
EndProject
Project("{FAE04EC0-301F-11D3-BF4B-00C04F79EFBC}") = "Identity", "Identity\Identity.csproj", "{30F2FCFB-D7D4-446A-8E40-99418FE6B08C}"
EndProject
Project("{8BB2217D-0F2D-49D1-97BC-3654ED321F3B}") = "QIQO.Web.Api", "src\QIQO.Web.Api\QIQO.Web.Api.xproj", "{C75CDF88-4FA0-465C-A104-F1E8BA45727F}"
EndProject
Project("{FAE04EC0-301F-11D3-BF4B-00C04F79EFBC}") = "Core.Services", "Core.Services\Core.Services.csproj", "{B780D931-6E9E-460F-87F9-C1351E600D09}"
EndProject
Project("{8BB2217D-0F2D-49D1-97BC-3654ED321F3B}") = "QIQO.Web.Mvc", "src\QIQO.Web.Mvc\QIQO.Web.Mvc.xproj", "{F0EA7FFB-5B00-4D02-9091-4C7C0F07F4E7}"
EndProject
Global
	GlobalSection(SolutionConfigurationPlatforms) = preSolution
		Debug|Any CPU = Debug|Any CPU
		Release|Any CPU = Release|Any CPU
	EndGlobalSection
	GlobalSection(ProjectConfigurationPlatforms) = postSolution
		{111F7308-10D2-4377-9375-63C10C79576B}.Debug|Any CPU.ActiveCfg = Debug|Any CPU
		{111F7308-10D2-4377-9375-63C10C79576B}.Debug|Any CPU.Build.0 = Debug|Any CPU
		{111F7308-10D2-4377-9375-63C10C79576B}.Release|Any CPU.ActiveCfg = Release|Any CPU
		{111F7308-10D2-4377-9375-63C10C79576B}.Release|Any CPU.Build.0 = Release|Any CPU
		{F47A8470-7C03-4D10-90C6-A83A3CC797B0}.Debug|Any CPU.ActiveCfg = Debug|Any CPU
		{F47A8470-7C03-4D10-90C6-A83A3CC797B0}.Debug|Any CPU.Build.0 = Debug|Any CPU
		{F47A8470-7C03-4D10-90C6-A83A3CC797B0}.Release|Any CPU.ActiveCfg = Release|Any CPU
		{F47A8470-7C03-4D10-90C6-A83A3CC797B0}.Release|Any CPU.Build.0 = Release|Any CPU
		{606F77EF-D8F6-4DB5-88CA-CC593E6D0D24}.Debug|Any CPU.ActiveCfg = Debug|Any CPU
		{606F77EF-D8F6-4DB5-88CA-CC593E6D0D24}.Debug|Any CPU.Build.0 = Debug|Any CPU
		{606F77EF-D8F6-4DB5-88CA-CC593E6D0D24}.Release|Any CPU.ActiveCfg = Release|Any CPU
		{606F77EF-D8F6-4DB5-88CA-CC593E6D0D24}.Release|Any CPU.Build.0 = Release|Any CPU
		{1F823724-8811-4789-9528-430270760E3E}.Debug|Any CPU.ActiveCfg = Debug|Any CPU
		{1F823724-8811-4789-9528-430270760E3E}.Debug|Any CPU.Build.0 = Debug|Any CPU
		{1F823724-8811-4789-9528-430270760E3E}.Release|Any CPU.ActiveCfg = Release|Any CPU
		{1F823724-8811-4789-9528-430270760E3E}.Release|Any CPU.Build.0 = Release|Any CPU
		{30F2FCFB-D7D4-446A-8E40-99418FE6B08C}.Debug|Any CPU.ActiveCfg = Debug|Any CPU
		{30F2FCFB-D7D4-446A-8E40-99418FE6B08C}.Debug|Any CPU.Build.0 = Debug|Any CPU
		{30F2FCFB-D7D4-446A-8E40-99418FE6B08C}.Release|Any CPU.ActiveCfg = Release|Any CPU
		{30F2FCFB-D7D4-446A-8E40-99418FE6B08C}.Release|Any CPU.Build.0 = Release|Any CPU
		{C75CDF88-4FA0-465C-A104-F1E8BA45727F}.Debug|Any CPU.ActiveCfg = Debug|Any CPU
		{C75CDF88-4FA0-465C-A104-F1E8BA45727F}.Debug|Any CPU.Build.0 = Debug|Any CPU
		{C75CDF88-4FA0-465C-A104-F1E8BA45727F}.Release|Any CPU.ActiveCfg = Release|Any CPU
		{C75CDF88-4FA0-465C-A104-F1E8BA45727F}.Release|Any CPU.Build.0 = Release|Any CPU
		{B780D931-6E9E-460F-87F9-C1351E600D09}.Debug|Any CPU.ActiveCfg = Debug|Any CPU
		{B780D931-6E9E-460F-87F9-C1351E600D09}.Debug|Any CPU.Build.0 = Debug|Any CPU
		{B780D931-6E9E-460F-87F9-C1351E600D09}.Release|Any CPU.ActiveCfg = Release|Any CPU
		{B780D931-6E9E-460F-87F9-C1351E600D09}.Release|Any CPU.Build.0 = Release|Any CPU
		{F0EA7FFB-5B00-4D02-9091-4C7C0F07F4E7}.Debug|Any CPU.ActiveCfg = Debug|Any CPU
		{F0EA7FFB-5B00-4D02-9091-4C7C0F07F4E7}.Debug|Any CPU.Build.0 = Debug|Any CPU
		{F0EA7FFB-5B00-4D02-9091-4C7C0F07F4E7}.Release|Any CPU.ActiveCfg = Release|Any CPU
		{F0EA7FFB-5B00-4D02-9091-4C7C0F07F4E7}.Release|Any CPU.Build.0 = Release|Any CPU
	EndGlobalSection
	GlobalSection(SolutionProperties) = preSolution
		HideSolutionNode = FALSE
	EndGlobalSection
	GlobalSection(NestedProjects) = preSolution
		{111F7308-10D2-4377-9375-63C10C79576B} = {16EC3A31-01D8-482A-B7C6-A03F918FA74E}
		{F47A8470-7C03-4D10-90C6-A83A3CC797B0} = {16EC3A31-01D8-482A-B7C6-A03F918FA74E}
		{606F77EF-D8F6-4DB5-88CA-CC593E6D0D24} = {16CCC837-2B11-48B6-8C9B-8F1DBD6B8617}
		{1F823724-8811-4789-9528-430270760E3E} = {16CCC837-2B11-48B6-8C9B-8F1DBD6B8617}
		{30F2FCFB-D7D4-446A-8E40-99418FE6B08C} = {16EC3A31-01D8-482A-B7C6-A03F918FA74E}
		{C75CDF88-4FA0-465C-A104-F1E8BA45727F} = {A43795C8-1E6F-4C07-81CE-092FCAC0FB5A}
		{B780D931-6E9E-460F-87F9-C1351E600D09} = {16EC3A31-01D8-482A-B7C6-A03F918FA74E}
		{F0EA7FFB-5B00-4D02-9091-4C7C0F07F4E7} = {A43795C8-1E6F-4C07-81CE-092FCAC0FB5A}
	EndGlobalSection
EndGlobal
